
Microsoft Visual Studio Solution File, Format Version 12.00
# Visual Studio Version 16
VisualStudioVersion = 16.0.31019.35
MinimumVisualStudioVersion = 10.0.40219.1
Project("{9A19103F-16F7-4668-BE54-9A1E7A4F7556}") = "DotNet.EntityFramework.DataTables", "DotNet.EntityFramework.DataTables\DotNet.EntityFramework.DataTables.csproj", "{31EC0CD4-CBFF-4590-933E-1F62C37D0850}"
EndProject
Global
	GlobalSection(SolutionConfigurationPlatforms) = preSolution
		Debug|Any CPU = Debug|Any CPU
		Release|Any CPU = Release|Any CPU
	EndGlobalSection
	GlobalSection(ProjectConfigurationPlatforms) = postSolution
		{31EC0CD4-CBFF-4590-933E-1F62C37D0850}.Debug|Any CPU.ActiveCfg = Debug|Any CPU
		{31EC0CD4-CBFF-4590-933E-1F62C37D0850}.Debug|Any CPU.Build.0 = Debug|Any CPU
		{31EC0CD4-CBFF-4590-933E-1F62C37D0850}.Release|Any CPU.ActiveCfg = Release|Any CPU
		{31EC0CD4-CBFF-4590-933E-1F62C37D0850}.Release|Any CPU.Build.0 = Release|Any CPU
	EndGlobalSection
	GlobalSection(SolutionProperties) = preSolution
		HideSolutionNode = FALSE
	EndGlobalSection
	GlobalSection(ExtensibilityGlobals) = postSolution
		SolutionGuid = {79F46B97-1AA0-4595-ABD0-BD9849B1C3C5}
	EndGlobalSection
EndGlobal
